// !$*UTF8*$!
{
	archiveVersion = 1;
	classes = {
	};
	objectVersion = 50;
	objects = {

/* Begin PBXBuildFile section */
		60173EFA214B9B2B00E81D3F /* CustomButton.swift in Sources */ = {isa = PBXBuildFile; fileRef = 60173EF9214B9B2B00E81D3F /* CustomButton.swift */; };
		603B1E0C214CFDAD00C66D42 /* CustomTextField.swift in Sources */ = {isa = PBXBuildFile; fileRef = 603B1E0B214CFDAD00C66D42 /* CustomTextField.swift */; };
		603C97DC214A1FC5002BFB90 /* AppDelegate.swift in Sources */ = {isa = PBXBuildFile; fileRef = 603C97DB214A1FC5002BFB90 /* AppDelegate.swift */; };
		603C97DE214A1FC5002BFB90 /* ViewController.swift in Sources */ = {isa = PBXBuildFile; fileRef = 603C97DD214A1FC5002BFB90 /* ViewController.swift */; };
		603C97E3214A1FCA002BFB90 /* Assets.xcassets in Resources */ = {isa = PBXBuildFile; fileRef = 603C97E2214A1FCA002BFB90 /* Assets.xcassets */; };
		603C97E6214A1FCA002BFB90 /* LaunchScreen.storyboard in Resources */ = {isa = PBXBuildFile; fileRef = 603C97E4214A1FCA002BFB90 /* LaunchScreen.storyboard */; };
		6098F6CD214FC9CF004F755A /* Main.storyboard in Resources */ = {isa = PBXBuildFile; fileRef = 6098F6CC214FC9CF004F755A /* Main.storyboard */; };
		C5E4A5A8B882BC899ECC6D39 /* Pods_GrabGamers.framework in Frameworks */ = {isa = PBXBuildFile; fileRef = 193C8F9D013AFE6B5C12C623 /* Pods_GrabGamers.framework */; };
/* End PBXBuildFile section */

/* Begin PBXFileReference section */
		193C8F9D013AFE6B5C12C623 /* Pods_GrabGamers.framework */ = {isa = PBXFileReference; explicitFileType = wrapper.framework; includeInIndex = 0; path = Pods_GrabGamers.framework; sourceTree = BUILT_PRODUCTS_DIR; };
		60173EF9214B9B2B00E81D3F /* CustomButton.swift */ = {isa = PBXFileReference; lastKnownFileType = sourcecode.swift; path = CustomButton.swift; sourceTree = "<group>"; };
		603B1E0B214CFDAD00C66D42 /* CustomTextField.swift */ = {isa = PBXFileReference; lastKnownFileType = sourcecode.swift; path = CustomTextField.swift; sourceTree = "<group>"; };
		603C97D8214A1FC5002BFB90 /* GrabGamers.app */ = {isa = PBXFileReference; explicitFileType = wrapper.application; includeInIndex = 0; path = GrabGamers.app; sourceTree = BUILT_PRODUCTS_DIR; };
		603C97DB214A1FC5002BFB90 /* AppDelegate.swift */ = {isa = PBXFileReference; lastKnownFileType = sourcecode.swift; path = AppDelegate.swift; sourceTree = "<group>"; };
		603C97DD214A1FC5002BFB90 /* ViewController.swift */ = {isa = PBXFileReference; lastKnownFileType = sourcecode.swift; path = ViewController.swift; sourceTree = "<group>"; };
		603C97E2214A1FCA002BFB90 /* Assets.xcassets */ = {isa = PBXFileReference; lastKnownFileType = folder.assetcatalog; path = Assets.xcassets; sourceTree = "<group>"; };
		603C97E5214A1FCA002BFB90 /* Base */ = {isa = PBXFileReference; lastKnownFileType = file.storyboard; name = Base; path = Base.lproj/LaunchScreen.storyboard; sourceTree = "<group>"; };
		603C97E7214A1FCA002BFB90 /* Info.plist */ = {isa = PBXFileReference; lastKnownFileType = text.plist.xml; path = Info.plist; sourceTree = "<group>"; };
		6098F6CC214FC9CF004F755A /* Main.storyboard */ = {isa = PBXFileReference; fileEncoding = 4; lastKnownFileType = file.storyboard; path = Main.storyboard; sourceTree = "<group>"; };
		6934459BEBC7C10F5F4D05D9 /* Pods-GrabGamers.debug.xcconfig */ = {isa = PBXFileReference; includeInIndex = 1; lastKnownFileType = text.xcconfig; name = "Pods-GrabGamers.debug.xcconfig"; path = "Pods/Target Support Files/Pods-GrabGamers/Pods-GrabGamers.debug.xcconfig"; sourceTree = "<group>"; };
		E68CD3F216AB3CF4B1684D86 /* Pods-GrabGamers.release.xcconfig */ = {isa = PBXFileReference; includeInIndex = 1; lastKnownFileType = text.xcconfig; name = "Pods-GrabGamers.release.xcconfig"; path = "Pods/Target Support Files/Pods-GrabGamers/Pods-GrabGamers.release.xcconfig"; sourceTree = "<group>"; };
/* End PBXFileReference section */

/* Begin PBXFrameworksBuildPhase section */
		603C97D5214A1FC5002BFB90 /* Frameworks */ = {
			isa = PBXFrameworksBuildPhase;
			buildActionMask = 2147483647;
			files = (
				C5E4A5A8B882BC899ECC6D39 /* Pods_GrabGamers.framework in Frameworks */,
			);
			runOnlyForDeploymentPostprocessing = 0;
		};
/* End PBXFrameworksBuildPhase section */

/* Begin PBXGroup section */
		5D361F0193DBEFD1CF8B647B /* Frameworks */ = {
			isa = PBXGroup;
			children = (
				193C8F9D013AFE6B5C12C623 /* Pods_GrabGamers.framework */,
			);
			name = Frameworks;
			sourceTree = "<group>";
		};
		603C97CF214A1FC5002BFB90 = {
			isa = PBXGroup;
			children = (
				603C97DA214A1FC5002BFB90 /* GrabGamers */,
				603C97D9214A1FC5002BFB90 /* Products */,
				FD8BB70A870A987955117F61 /* Pods */,
				5D361F0193DBEFD1CF8B647B /* Frameworks */,
			);
			sourceTree = "<group>";
		};
		603C97D9214A1FC5002BFB90 /* Products */ = {
			isa = PBXGroup;
			children = (
				603C97D8214A1FC5002BFB90 /* GrabGamers.app */,
			);
			name = Products;
			sourceTree = "<group>";
		};
		603C97DA214A1FC5002BFB90 /* GrabGamers */ = {
			isa = PBXGroup;
			children = (
				603C97DB214A1FC5002BFB90 /* AppDelegate.swift */,
				603C97DD214A1FC5002BFB90 /* ViewController.swift */,
				603C97E2214A1FCA002BFB90 /* Assets.xcassets */,
				60173EF9214B9B2B00E81D3F /* CustomButton.swift */,
				603B1E0B214CFDAD00C66D42 /* CustomTextField.swift */,
				6098F6CC214FC9CF004F755A /* Main.storyboard */,
				603C97E4214A1FCA002BFB90 /* LaunchScreen.storyboard */,
				603C97E7214A1FCA002BFB90 /* Info.plist */,
			);
			path = GrabGamers;
			sourceTree = "<group>";
		};
		FD8BB70A870A987955117F61 /* Pods */ = {
			isa = PBXGroup;
			children = (
				6934459BEBC7C10F5F4D05D9 /* Pods-GrabGamers.debug.xcconfig */,
				E68CD3F216AB3CF4B1684D86 /* Pods-GrabGamers.release.xcconfig */,
			);
			name = Pods;
			sourceTree = "<group>";
		};
/* End PBXGroup section */

/* Begin PBXNativeTarget section */
		603C97D7214A1FC5002BFB90 /* GrabGamers */ = {
			isa = PBXNativeTarget;
			buildConfigurationList = 603C97EA214A1FCA002BFB90 /* Build configuration list for PBXNativeTarget "GrabGamers" */;
			buildPhases = (
				E5452422563105A796E2B10F /* [CP] Check Pods Manifest.lock */,
				603C97D4214A1FC5002BFB90 /* Sources */,
				603C97D5214A1FC5002BFB90 /* Frameworks */,
				603C97D6214A1FC5002BFB90 /* Resources */,
				37F9CF454A119C8F51BC09BC /* [CP] Embed Pods Frameworks */,
			);
			buildRules = (
			);
			dependencies = (
			);
			name = GrabGamers;
			productName = GrabGamers;
			productReference = 603C97D8214A1FC5002BFB90 /* GrabGamers.app */;
			productType = "com.apple.product-type.application";
		};
/* End PBXNativeTarget section */

/* Begin PBXProject section */
		603C97D0214A1FC5002BFB90 /* Project object */ = {
			isa = PBXProject;
			attributes = {
				LastSwiftUpdateCheck = 0940;
				LastUpgradeCheck = 0940;
				ORGANIZATIONNAME = ding;
				TargetAttributes = {
					603C97D7214A1FC5002BFB90 = {
						CreatedOnToolsVersion = 9.4.1;
					};
				};
			};
			buildConfigurationList = 603C97D3214A1FC5002BFB90 /* Build configuration list for PBXProject "GrabGamers" */;
			compatibilityVersion = "Xcode 9.3";
			developmentRegion = en;
			hasScannedForEncodings = 0;
			knownRegions = (
				en,
				Base,
			);
			mainGroup = 603C97CF214A1FC5002BFB90;
			productRefGroup = 603C97D9214A1FC5002BFB90 /* Products */;
			projectDirPath = "";
			projectRoot = "";
			targets = (
				603C97D7214A1FC5002BFB90 /* GrabGamers */,
			);
		};
/* End PBXProject section */

/* Begin PBXResourcesBuildPhase section */
		603C97D6214A1FC5002BFB90 /* Resources */ = {
			isa = PBXResourcesBuildPhase;
			buildActionMask = 2147483647;
			files = (
				6098F6CD214FC9CF004F755A /* Main.storyboard in Resources */,
				603C97E6214A1FCA002BFB90 /* LaunchScreen.storyboard in Resources */,
				603C97E3214A1FCA002BFB90 /* Assets.xcassets in Resources */,
			);
			runOnlyForDeploymentPostprocessing = 0;
		};
/* End PBXResourcesBuildPhase section */

/* Begin PBXShellScriptBuildPhase section */
		37F9CF454A119C8F51BC09BC /* [CP] Embed Pods Frameworks */ = {
			isa = PBXShellScriptBuildPhase;
			buildActionMask = 12;
			files = (
			);
			inputPaths = (
				"${SRCROOT}/Pods/Target Support Files/Pods-GrabGamers/Pods-GrabGamers-frameworks.sh",
				"${BUILT_PRODUCTS_DIR}/FlatUIKit/FlatUIKit.framework",
				"${BUILT_PRODUCTS_DIR}/TextFieldEffects/TextFieldEffects.framework",
			);
			name = "[CP] Embed Pods Frameworks";
			outputPaths = (
				"${TARGET_BUILD_DIR}/${FRAMEWORKS_FOLDER_PATH}/FlatUIKit.framework",
				"${TARGET_BUILD_DIR}/${FRAMEWORKS_FOLDER_PATH}/TextFieldEffects.framework",
			);
			runOnlyForDeploymentPostprocessing = 0;
			shellPath = /bin/sh;
			shellScript = "\"${SRCROOT}/Pods/Target Support Files/Pods-GrabGamers/Pods-GrabGamers-frameworks.sh\"\n";
			showEnvVarsInLog = 0;
		};
		E5452422563105A796E2B10F /* [CP] Check Pods Manifest.lock */ = {
			isa = PBXShellScriptBuildPhase;
			buildActionMask = 2147483647;
			files = (
			);
			inputPaths = (
				"${PODS_PODFILE_DIR_PATH}/Podfile.lock",
				"${PODS_ROOT}/Manifest.lock",
			);
			name = "[CP] Check Pods Manifest.lock";
			outputPaths = (
				"$(DERIVED_FILE_DIR)/Pods-GrabGamers-checkManifestLockResult.txt",
			);
			runOnlyForDeploymentPostprocessing = 0;
			shellPath = /bin/sh;
			shellScript = "diff \"${PODS_PODFILE_DIR_PATH}/Podfile.lock\" \"${PODS_ROOT}/Manifest.lock\" > /dev/null\nif [ $? != 0 ] ; then\n    # print error to STDERR\n    echo \"error: The sandbox is not in sync with the Podfile.lock. Run 'pod install' or update your CocoaPods installation.\" >&2\n    exit 1\nfi\n# This output is used by Xcode 'outputs' to avoid re-running this script phase.\necho \"SUCCESS\" > \"${SCRIPT_OUTPUT_FILE_0}\"\n";
			showEnvVarsInLog = 0;
		};
/* End PBXShellScriptBuildPhase section */

/* Begin PBXSourcesBuildPhase section */
		603C97D4214A1FC5002BFB90 /* Sources */ = {
			isa = PBXSourcesBuildPhase;
			buildActionMask = 2147483647;
			files = (
				603B1E0C214CFDAD00C66D42 /* CustomTextField.swift in Sources */,
				603C97DE214A1FC5002BFB90 /* ViewController.swift in Sources */,
				603C97DC214A1FC5002BFB90 /* AppDelegate.swift in Sources */,
				60173EFA214B9B2B00E81D3F /* CustomButton.swift in Sources */,
			);
			runOnlyForDeploymentPostprocessing = 0;
		};
/* End PBXSourcesBuildPhase section */

/* Begin PBXVariantGroup section */
		603C97E4214A1FCA002BFB90 /* LaunchScreen.storyboard */ = {
			isa = PBXVariantGroup;
			children = (
				603C97E5214A1FCA002BFB90 /* Base */,
			);
			name = LaunchScreen.storyboard;
			sourceTree = "<group>";
		};
/* End PBXVariantGroup section */

/* Begin XCBuildConfiguration section */
		603C97E8214A1FCA002BFB90 /* Debug */ = {
			isa = XCBuildConfiguration;
			buildSettings = {
				ALWAYS_SEARCH_USER_PATHS = NO;
				CLANG_ANALYZER_NONNULL = YES;
				CLANG_ANALYZER_NUMBER_OBJECT_CONVERSION = YES_AGGRESSIVE;
				CLANG_CXX_LANGUAGE_STANDARD = "gnu++14";
				CLANG_CXX_LIBRARY = "libc++";
				CLANG_ENABLE_MODULES = YES;
				CLANG_ENABLE_OBJC_ARC = YES;
				CLANG_ENABLE_OBJC_WEAK = YES;
				CLANG_WARN_BLOCK_CAPTURE_AUTORELEASING = YES;
				CLANG_WARN_BOOL_CONVERSION = YES;
				CLANG_WARN_COMMA = YES;
				CLANG_WARN_CONSTANT_CONVERSION = YES;
				CLANG_WARN_DEPRECATED_OBJC_IMPLEMENTATIONS = YES;
				CLANG_WARN_DIRECT_OBJC_ISA_USAGE = YES_ERROR;
				CLANG_WARN_DOCUMENTATION_COMMENTS = YES;
				CLANG_WARN_EMPTY_BODY = YES;
				CLANG_WARN_ENUM_CONVERSION = YES;
				CLANG_WARN_INFINITE_RECURSION = YES;
				CLANG_WARN_INT_CONVERSION = YES;
				CLANG_WARN_NON_LITERAL_NULL_CONVERSION = YES;
				CLANG_WARN_OBJC_IMPLICIT_RETAIN_SELF = YES;
				CLANG_WARN_OBJC_LITERAL_CONVERSION = YES;
				CLANG_WARN_OBJC_ROOT_CLASS = YES_ERROR;
				CLANG_WARN_RANGE_LOOP_ANALYSIS = YES;
				CLANG_WARN_STRICT_PROTOTYPES = YES;
				CLANG_WARN_SUSPICIOUS_MOVE = YES;
				CLANG_WARN_UNGUARDED_AVAILABILITY = YES_AGGRESSIVE;
				CLANG_WARN_UNREACHABLE_CODE = YES;
				CLANG_WARN__DUPLICATE_METHOD_MATCH = YES;
				CODE_SIGN_IDENTITY = "iPhone Developer";
				COPY_PHASE_STRIP = NO;
				DEBUG_INFORMATION_FORMAT = dwarf;
				ENABLE_STRICT_OBJC_MSGSEND = YES;
				ENABLE_TESTABILITY = YES;
				GCC_C_LANGUAGE_STANDARD = gnu11;
				GCC_DYNAMIC_NO_PIC = NO;
				GCC_NO_COMMON_BLOCKS = YES;
				GCC_OPTIMIZATION_LEVEL = 0;
				GCC_PREPROCESSOR_DEFINITIONS = (
					"DEBUG=1",
					"$(inherited)",
				);
				GCC_WARN_64_TO_32_BIT_CONVERSION = YES;
				GCC_WARN_ABOUT_RETURN_TYPE = YES_ERROR;
				GCC_WARN_UNDECLARED_SELECTOR = YES;
				GCC_WARN_UNINITIALIZED_AUTOS = YES_AGGRESSIVE;
				GCC_WARN_UNUSED_FUNCTION = YES;
				GCC_WARN_UNUSED_VARIABLE = YES;
				IPHONEOS_DEPLOYMENT_TARGET = 11.4;
				MTL_ENABLE_DEBUG_INFO = YES;
				ONLY_ACTIVE_ARCH = YES;
				SDKROOT = iphoneos;
				SWIFT_ACTIVE_COMPILATION_CONDITIONS = DEBUG;
				SWIFT_OPTIMIZATION_LEVEL = "-Onone";
			};
			name = Debug;
		};
		603C97E9214A1FCA002BFB90 /* Release */ = {
			isa = XCBuildConfiguration;
			buildSettings = {
				ALWAYS_SEARCH_USER_PATHS = NO;
				CLANG_ANALYZER_NONNULL = YES;
				CLANG_ANALYZER_NUMBER_OBJECT_CONVERSION = YES_AGGRESSIVE;
				CLANG_CXX_LANGUAGE_STANDARD = "gnu++14";
				CLANG_CXX_LIBRARY = "libc++";
				CLANG_ENABLE_MODULES = YES;
				CLANG_ENABLE_OBJC_ARC = YES;
				CLANG_ENABLE_OBJC_WEAK = YES;
				CLANG_WARN_BLOCK_CAPTURE_AUTORELEASING = YES;
				CLANG_WARN_BOOL_CONVERSION = YES;
				CLANG_WARN_COMMA = YES;
				CLANG_WARN_CONSTANT_CONVERSION = YES;
				CLANG_WARN_DEPRECATED_OBJC_IMPLEMENTATIONS = YES;
				CLANG_WARN_DIRECT_OBJC_ISA_USAGE = YES_ERROR;
				CLANG_WARN_DOCUMENTATION_COMMENTS = YES;
				CLANG_WARN_EMPTY_BODY = YES;
				CLANG_WARN_ENUM_CONVERSION = YES;
				CLANG_WARN_INFINITE_RECURSION = YES;
				CLANG_WARN_INT_CONVERSION = YES;
				CLANG_WARN_NON_LITERAL_NULL_CONVERSION = YES;
				CLANG_WARN_OBJC_IMPLICIT_RETAIN_SELF = YES;
				CLANG_WARN_OBJC_LITERAL_CONVERSION = YES;
				CLANG_WARN_OBJC_ROOT_CLASS = YES_ERROR;
				CLANG_WARN_RANGE_LOOP_ANALYSIS = YES;
				CLANG_WARN_STRICT_PROTOTYPES = YES;
				CLANG_WARN_SUSPICIOUS_MOVE = YES;
				CLANG_WARN_UNGUARDED_AVAILABILITY = YES_AGGRESSIVE;
				CLANG_WARN_UNREACHABLE_CODE = YES;
				CLANG_WARN__DUPLICATE_METHOD_MATCH = YES;
				CODE_SIGN_IDENTITY = "iPhone Developer";
				COPY_PHASE_STRIP = NO;
				DEBUG_INFORMATION_FORMAT = "dwarf-with-dsym";
				ENABLE_NS_ASSERTIONS = NO;
				ENABLE_STRICT_OBJC_MSGSEND = YES;
				GCC_C_LANGUAGE_STANDARD = gnu11;
				GCC_NO_COMMON_BLOCKS = YES;
				GCC_WARN_64_TO_32_BIT_CONVERSION = YES;
				GCC_WARN_ABOUT_RETURN_TYPE = YES_ERROR;
				GCC_WARN_UNDECLARED_SELECTOR = YES;
				GCC_WARN_UNINITIALIZED_AUTOS = YES_AGGRESSIVE;
				GCC_WARN_UNUSED_FUNCTION = YES;
				GCC_WARN_UNUSED_VARIABLE = YES;
				IPHONEOS_DEPLOYMENT_TARGET = 11.4;
				MTL_ENABLE_DEBUG_INFO = NO;
				SDKROOT = iphoneos;
				SWIFT_COMPILATION_MODE = wholemodule;
				SWIFT_OPTIMIZATION_LEVEL = "-O";
				VALIDATE_PRODUCT = YES;
			};
			name = Release;
		};
		603C97EB214A1FCA002BFB90 /* Debug */ = {
			isa = XCBuildConfiguration;
			baseConfigurationReference = 6934459BEBC7C10F5F4D05D9 /* Pods-GrabGamers.debug.xcconfig */;
			buildSettings = {
				ASSETCATALOG_COMPILER_APPICON_NAME = AppIcon;
				CODE_SIGN_IDENTITY = "iPhone Developer";
				CODE_SIGN_STYLE = Automatic;
				DEVELOPMENT_TEAM = HH9N6N834H;
				INFOPLIST_FILE = GrabGamers/Info.plist;
				LD_RUNPATH_SEARCH_PATHS = (
					"$(inherited)",
					"@executable_path/Frameworks",
				);
				PRODUCT_BUNDLE_IDENTIFIER = ding.GrabGamers;
				PRODUCT_NAME = "$(TARGET_NAME)";
				PROVISIONING_PROFILE_SPECIFIER = "";
				SWIFT_VERSION = 4.0;
				TARGETED_DEVICE_FAMILY = "1,2";
			};
			name = Debug;
		};
		603C97EC214A1FCA002BFB90 /* Release */ = {
			isa = XCBuildConfiguration;
			baseConfigurationReference = E68CD3F216AB3CF4B1684D86 /* Pods-GrabGamers.release.xcconfig */;
			buildSettings = {
				ASSETCATALOG_COMPILER_APPICON_NAME = AppIcon;
				CODE_SIGN_IDENTITY = "iPhone Developer";
				CODE_SIGN_STYLE = Automatic;
				DEVELOPMENT_TEAM = HH9N6N834H;
				INFOPLIST_FILE = GrabGamers/Info.plist;
				LD_RUNPATH_SEARCH_PATHS = (
					"$(inherited)",
					"@executable_path/Frameworks",
				);
				PRODUCT_BUNDLE_IDENTIFIER = ding.GrabGamers;
				PRODUCT_NAME = "$(TARGET_NAME)";
				PROVISIONING_PROFILE_SPECIFIER = "";
				SWIFT_VERSION = 4.0;
				TARGETED_DEVICE_FAMILY = "1,2";
			};
			name = Release;
		};
/* End XCBuildConfiguration section */

/* Begin XCConfigurationList section */
		603C97D3214A1FC5002BFB90 /* Build configuration list for PBXProject "GrabGamers" */ = {
			isa = XCConfigurationList;
			buildConfigurations = (
				603C97E8214A1FCA002BFB90 /* Debug */,
				603C97E9214A1FCA002BFB90 /* Release */,
			);
			defaultConfigurationIsVisible = 0;
			defaultConfigurationName = Release;
		};
		603C97EA214A1FCA002BFB90 /* Build configuration list for PBXNativeTarget "GrabGamers" */ = {
			isa = XCConfigurationList;
			buildConfigurations = (
				603C97EB214A1FCA002BFB90 /* Debug */,
				603C97EC214A1FCA002BFB90 /* Release */,
			);
			defaultConfigurationIsVisible = 0;
			defaultConfigurationName = Release;
		};
/* End XCConfigurationList section */
	};
	rootObject = 603C97D0214A1FC5002BFB90 /* Project object */;
}
